
Microsoft Visual Studio Solution File, Format Version 12.00
# Visual Studio Version 16
VisualStudioVersion = 16.0.31729.503
MinimumVisualStudioVersion = 10.0.40219.1
Project("{FAE04EC0-301F-11D3-BF4B-00C04F79EFBC}") = "MyCalculator", "MyCalculator\MyCalculator.csproj", "{FB6D7F9D-ECB8-4D6F-A328-3BF55E32D999}"
EndProject
Global
	GlobalSection(SolutionConfigurationPlatforms) = preSolution
		Debug|Any CPU = Debug|Any CPU
		Release|Any CPU = Release|Any CPU
	EndGlobalSection
	GlobalSection(ProjectConfigurationPlatforms) = postSolution
		{FB6D7F9D-ECB8-4D6F-A328-3BF55E32D999}.Debug|Any CPU.ActiveCfg = Debug|Any CPU
		{FB6D7F9D-ECB8-4D6F-A328-3BF55E32D999}.Debug|Any CPU.Build.0 = Debug|Any CPU
		{FB6D7F9D-ECB8-4D6F-A328-3BF55E32D999}.Release|Any CPU.ActiveCfg = Release|Any CPU
		{FB6D7F9D-ECB8-4D6F-A328-3BF55E32D999}.Release|Any CPU.Build.0 = Release|Any CPU
	EndGlobalSection
	GlobalSection(SolutionProperties) = preSolution
		HideSolutionNode = FALSE
	EndGlobalSection
	GlobalSection(ExtensibilityGlobals) = postSolution
		SolutionGuid = {08E33D88-796E-4441-847E-760FD66AB5B1}
	EndGlobalSection
EndGlobal
